
Microsoft Visual Studio Solution File, Format Version 12.00
# Visual Studio Version 17
VisualStudioVersion = 17.3.32901.215
MinimumVisualStudioVersion = 10.0.40219.1
Project("{FAE04EC0-301F-11D3-BF4B-00C04F79EFBC}") = "csharp-snacks", "csharp-snacks.csproj", "{02ED2DF6-5FD3-4842-B54F-3E66C8674ECF}"
EndProject
Global
	GlobalSection(SolutionConfigurationPlatforms) = preSolution
		Debug|Any CPU = Debug|Any CPU
		Release|Any CPU = Release|Any CPU
	EndGlobalSection
	GlobalSection(ProjectConfigurationPlatforms) = postSolution
		{02ED2DF6-5FD3-4842-B54F-3E66C8674ECF}.Debug|Any CPU.ActiveCfg = Debug|Any CPU
		{02ED2DF6-5FD3-4842-B54F-3E66C8674ECF}.Debug|Any CPU.Build.0 = Debug|Any CPU
		{02ED2DF6-5FD3-4842-B54F-3E66C8674ECF}.Release|Any CPU.ActiveCfg = Release|Any CPU
		{02ED2DF6-5FD3-4842-B54F-3E66C8674ECF}.Release|Any CPU.Build.0 = Release|Any CPU
	EndGlobalSection
	GlobalSection(SolutionProperties) = preSolution
		HideSolutionNode = FALSE
	EndGlobalSection
	GlobalSection(ExtensibilityGlobals) = postSolution
		SolutionGuid = {88CB60A2-ACE9-489A-9A35-90A6B64D3F0E}
	EndGlobalSection
EndGlobal
